
Microsoft Visual Studio Solution File, Format Version 12.00
# Visual Studio Version 16
VisualStudioVersion = 16.0.29519.87
MinimumVisualStudioVersion = 10.0.40219.1
Project("{8BC9CEB8-8B4A-11D0-8D11-00A0C91BC942}") = "Project11", "Project11.vcxproj", "{9F65FDD2-3D90-41FF-B122-ADB3CDBD45F2}"
EndProject
Global
	GlobalSection(SolutionConfigurationPlatforms) = preSolution
		Debug|x64 = Debug|x64
		Debug|x86 = Debug|x86
		Release|x64 = Release|x64
		Release|x86 = Release|x86
	EndGlobalSection
	GlobalSection(ProjectConfigurationPlatforms) = postSolution
		{9F65FDD2-3D90-41FF-B122-ADB3CDBD45F2}.Debug|x64.ActiveCfg = Debug|x64
		{9F65FDD2-3D90-41FF-B122-ADB3CDBD45F2}.Debug|x64.Build.0 = Debug|x64
		{9F65FDD2-3D90-41FF-B122-ADB3CDBD45F2}.Debug|x86.ActiveCfg = Debug|Win32
		{9F65FDD2-3D90-41FF-B122-ADB3CDBD45F2}.Debug|x86.Build.0 = Debug|Win32
		{9F65FDD2-3D90-41FF-B122-ADB3CDBD45F2}.Release|x64.ActiveCfg = Release|x64
		{9F65FDD2-3D90-41FF-B122-ADB3CDBD45F2}.Release|x64.Build.0 = Release|x64
		{9F65FDD2-3D90-41FF-B122-ADB3CDBD45F2}.Release|x86.ActiveCfg = Release|Win32
		{9F65FDD2-3D90-41FF-B122-ADB3CDBD45F2}.Release|x86.Build.0 = Release|Win32
	EndGlobalSection
	GlobalSection(SolutionProperties) = preSolution
		HideSolutionNode = FALSE
	EndGlobalSection
	GlobalSection(ExtensibilityGlobals) = postSolution
		SolutionGuid = {81CF2425-5DB0-40E8-B34F-05EE20061C06}
	EndGlobalSection
EndGlobal
