
Microsoft Visual Studio Solution File, Format Version 12.00
# Visual Studio Version 16
VisualStudioVersion = 16.0.29519.181
MinimumVisualStudioVersion = 10.0.40219.1
Project("{8BC9CEB8-8B4A-11D0-8D11-00A0C91BC942}") = "Project37", "Project37.vcxproj", "{AFC9B8C1-6273-4408-A23A-145D6191FB5E}"
EndProject
Global
	GlobalSection(SolutionConfigurationPlatforms) = preSolution
		Debug|x64 = Debug|x64
		Debug|x86 = Debug|x86
		Release|x64 = Release|x64
		Release|x86 = Release|x86
	EndGlobalSection
	GlobalSection(ProjectConfigurationPlatforms) = postSolution
		{AFC9B8C1-6273-4408-A23A-145D6191FB5E}.Debug|x64.ActiveCfg = Debug|x64
		{AFC9B8C1-6273-4408-A23A-145D6191FB5E}.Debug|x64.Build.0 = Debug|x64
		{AFC9B8C1-6273-4408-A23A-145D6191FB5E}.Debug|x86.ActiveCfg = Debug|Win32
		{AFC9B8C1-6273-4408-A23A-145D6191FB5E}.Debug|x86.Build.0 = Debug|Win32
		{AFC9B8C1-6273-4408-A23A-145D6191FB5E}.Release|x64.ActiveCfg = Release|x64
		{AFC9B8C1-6273-4408-A23A-145D6191FB5E}.Release|x64.Build.0 = Release|x64
		{AFC9B8C1-6273-4408-A23A-145D6191FB5E}.Release|x86.ActiveCfg = Release|Win32
		{AFC9B8C1-6273-4408-A23A-145D6191FB5E}.Release|x86.Build.0 = Release|Win32
	EndGlobalSection
	GlobalSection(SolutionProperties) = preSolution
		HideSolutionNode = FALSE
	EndGlobalSection
	GlobalSection(ExtensibilityGlobals) = postSolution
		SolutionGuid = {220AE2B4-85C1-4ABD-8207-4E8C5E3BE2F7}
	EndGlobalSection
EndGlobal
